# This file was autogenerated by Stack.
# You should not edit this file by hand.
# For more information, please see the documentation at:
#   https://docs.haskellstack.org/en/stable/lock_files

packages:
- completed:
    hackage: unliftio-path-0.0.2.0@sha256:cf4b02640b99831004853e8fc9f9ff922514d08a24ea36e09e8e7a77b250bc80,787
    pantry-tree:
      size: 281
      sha256: 96fc899a5d4935c5eb8075e5f65a2c5eb046282ad9aac0fadcb3cbad9bdca164
  original:
    hackage: unliftio-path-0.0.2.0@sha256:cf4b02640b99831004853e8fc9f9ff922514d08a24ea36e09e8e7a77b250bc80,787
snapshots:
- completed:
    size: 543562
    url: https://raw.githubusercontent.com/commercialhaskell/stackage-snapshots/master/nightly/2020/10/31.yaml
    sha256: 0e5551fe6bd9b2a8dc4c759632b6d907577a9f1280ac17f0e4f88f6f3a1d841a
  original: nightly-2020-10-31
